// !$*UTF8*$!
{
	archiveVersion = 1;
	classes = {
	};
	objectVersion = 46;
	objects = {

/* Begin PBXBuildFile section */
		09EA48B117BE4AE40026664E /* Foundation.framework in Frameworks */ = {isa = PBXBuildFile; fileRef = 09EA48B017BE4AE40026664E /* Foundation.framework */; };
		09EA48B317BE4AE40026664E /* CoreGraphics.framework in Frameworks */ = {isa = PBXBuildFile; fileRef = 09EA48B217BE4AE40026664E /* CoreGraphics.framework */; };
		09EA48B517BE4AE40026664E /* UIKit.framework in Frameworks */ = {isa = PBXBuildFile; fileRef = 09EA48B417BE4AE40026664E /* UIKit.framework */; };
		09EA48BB17BE4AE40026664E /* InfoPlist.strings in Resources */ = {isa = PBXBuildFile; fileRef = 09EA48B917BE4AE40026664E /* InfoPlist.strings */; };
		09EA48BD17BE4AE40026664E /* main.m in Sources */ = {isa = PBXBuildFile; fileRef = 09EA48BC17BE4AE40026664E /* main.m */; };
		09EA48C117BE4AE40026664E /* OGAppDelegate.m in Sources */ = {isa = PBXBuildFile; fileRef = 09EA48C017BE4AE40026664E /* OGAppDelegate.m */; };
		09EA48C317BE4AE40026664E /* Images.xcassets in Resources */ = {isa = PBXBuildFile; fileRef = 09EA48C217BE4AE40026664E /* Images.xcassets */; };
		09EA48CA17BE4AE50026664E /* XCTest.framework in Frameworks */ = {isa = PBXBuildFile; fileRef = 09EA48C917BE4AE50026664E /* XCTest.framework */; };
		09EA48CB17BE4AE50026664E /* Foundation.framework in Frameworks */ = {isa = PBXBuildFile; fileRef = 09EA48B017BE4AE40026664E /* Foundation.framework */; };
		09EA48CC17BE4AE50026664E /* UIKit.framework in Frameworks */ = {isa = PBXBuildFile; fileRef = 09EA48B417BE4AE40026664E /* UIKit.framework */; };
		09EA48D417BE4AE50026664E /* InfoPlist.strings in Resources */ = {isa = PBXBuildFile; fileRef = 09EA48D217BE4AE50026664E /* InfoPlist.strings */; };
		09EA48D617BE4AE50026664E /* OGImageExtensionsProjectTests.m in Sources */ = {isa = PBXBuildFile; fileRef = 09EA48D517BE4AE50026664E /* OGImageExtensionsProjectTests.m */; };
		09EA48E717BE4BCB0026664E /* UIImage+OGImageExtensions.m in Sources */ = {isa = PBXBuildFile; fileRef = 09EA48E317BE4BCB0026664E /* UIImage+OGImageExtensions.m */; };
		09EA48EB17BE4E620026664E /* OGImageExtensionsCache.m in Sources */ = {isa = PBXBuildFile; fileRef = 09EA48EA17BE4E620026664E /* OGImageExtensionsCache.m */; };
/* End PBXBuildFile section */

/* Begin PBXContainerItemProxy section */
		09EA48CD17BE4AE50026664E /* PBXContainerItemProxy */ = {
			isa = PBXContainerItemProxy;
			containerPortal = 09EA48A517BE4AE40026664E /* Project object */;
			proxyType = 1;
			remoteGlobalIDString = 09EA48AC17BE4AE40026664E;
			remoteInfo = OGImageExtensionsProject;
		};
/* End PBXContainerItemProxy section */

/* Begin PBXFileReference section */
		09EA48AD17BE4AE40026664E /* OGImageExtensionsProject.app */ = {isa = PBXFileReference; explicitFileType = wrapper.application; includeInIndex = 0; path = OGImageExtensionsProject.app; sourceTree = BUILT_PRODUCTS_DIR; };
		09EA48B017BE4AE40026664E /* Foundation.framework */ = {isa = PBXFileReference; lastKnownFileType = wrapper.framework; name = Foundation.framework; path = System/Library/Frameworks/Foundation.framework; sourceTree = SDKROOT; };
		09EA48B217BE4AE40026664E /* CoreGraphics.framework */ = {isa = PBXFileReference; lastKnownFileType = wrapper.framework; name = CoreGraphics.framework; path = System/Library/Frameworks/CoreGraphics.framework; sourceTree = SDKROOT; };
		09EA48B417BE4AE40026664E /* UIKit.framework */ = {isa = PBXFileReference; lastKnownFileType = wrapper.framework; name = UIKit.framework; path = System/Library/Frameworks/UIKit.framework; sourceTree = SDKROOT; };
		09EA48B817BE4AE40026664E /* OGImageExtensionsProject-Info.plist */ = {isa = PBXFileReference; lastKnownFileType = text.plist.xml; path = "OGImageExtensionsProject-Info.plist"; sourceTree = "<group>"; };
		09EA48BA17BE4AE40026664E /* en */ = {isa = PBXFileReference; lastKnownFileType = text.plist.strings; name = en; path = en.lproj/InfoPlist.strings; sourceTree = "<group>"; };
		09EA48BC17BE4AE40026664E /* main.m */ = {isa = PBXFileReference; lastKnownFileType = sourcecode.c.objc; path = main.m; sourceTree = "<group>"; };
		09EA48BE17BE4AE40026664E /* OGImageExtensionsProject-Prefix.pch */ = {isa = PBXFileReference; lastKnownFileType = sourcecode.c.h; path = "OGImageExtensionsProject-Prefix.pch"; sourceTree = "<group>"; };
		09EA48BF17BE4AE40026664E /* OGAppDelegate.h */ = {isa = PBXFileReference; lastKnownFileType = sourcecode.c.h; path = OGAppDelegate.h; sourceTree = "<group>"; };
		09EA48C017BE4AE40026664E /* OGAppDelegate.m */ = {isa = PBXFileReference; lastKnownFileType = sourcecode.c.objc; path = OGAppDelegate.m; sourceTree = "<group>"; };
		09EA48C217BE4AE40026664E /* Images.xcassets */ = {isa = PBXFileReference; lastKnownFileType = folder.assetcatalog; path = Images.xcassets; sourceTree = "<group>"; };
		09EA48C817BE4AE50026664E /* OGImageExtensionsProjectTests.xctest */ = {isa = PBXFileReference; explicitFileType = wrapper.cfbundle; includeInIndex = 0; path = OGImageExtensionsProjectTests.xctest; sourceTree = BUILT_PRODUCTS_DIR; };
		09EA48C917BE4AE50026664E /* XCTest.framework */ = {isa = PBXFileReference; lastKnownFileType = wrapper.framework; name = XCTest.framework; path = Library/Frameworks/XCTest.framework; sourceTree = DEVELOPER_DIR; };
		09EA48D117BE4AE50026664E /* OGImageExtensionsProjectTests-Info.plist */ = {isa = PBXFileReference; lastKnownFileType = text.plist.xml; path = "OGImageExtensionsProjectTests-Info.plist"; sourceTree = "<group>"; };
		09EA48D317BE4AE50026664E /* en */ = {isa = PBXFileReference; lastKnownFileType = text.plist.strings; name = en; path = en.lproj/InfoPlist.strings; sourceTree = "<group>"; };
		09EA48D517BE4AE50026664E /* OGImageExtensionsProjectTests.m */ = {isa = PBXFileReference; lastKnownFileType = sourcecode.c.objc; path = OGImageExtensionsProjectTests.m; sourceTree = "<group>"; };
		09EA48DF17BE4BCB0026664E /* LICENSE */ = {isa = PBXFileReference; fileEncoding = 4; lastKnownFileType = text; path = LICENSE; sourceTree = "<group>"; };
		09EA48E217BE4BCB0026664E /* UIImage+OGImageExtensions.h */ = {isa = PBXFileReference; fileEncoding = 4; lastKnownFileType = sourcecode.c.h; path = "UIImage+OGImageExtensions.h"; sourceTree = "<group>"; };
		09EA48E317BE4BCB0026664E /* UIImage+OGImageExtensions.m */ = {isa = PBXFileReference; fileEncoding = 4; lastKnownFileType = sourcecode.c.objc; path = "UIImage+OGImageExtensions.m"; sourceTree = "<group>"; };
		09EA48E417BE4BCB0026664E /* README.md */ = {isa = PBXFileReference; fileEncoding = 4; lastKnownFileType = text; path = README.md; sourceTree = "<group>"; };
		09EA48E917BE4E620026664E /* OGImageExtensionsCache.h */ = {isa = PBXFileReference; fileEncoding = 4; lastKnownFileType = sourcecode.c.h; path = OGImageExtensionsCache.h; sourceTree = "<group>"; };
		09EA48EA17BE4E620026664E /* OGImageExtensionsCache.m */ = {isa = PBXFileReference; fileEncoding = 4; lastKnownFileType = sourcecode.c.objc; path = OGImageExtensionsCache.m; sourceTree = "<group>"; };
		09EA48EC17BE50EB0026664E /* OGImageExtensions.podspec */ = {isa = PBXFileReference; lastKnownFileType = text; path = OGImageExtensions.podspec; sourceTree = "<group>"; };
/* End PBXFileReference section */

/* Begin PBXFrameworksBuildPhase section */
		09EA48AA17BE4AE40026664E /* Frameworks */ = {
			isa = PBXFrameworksBuildPhase;
			buildActionMask = 2147483647;
			files = (
				09EA48B317BE4AE40026664E /* CoreGraphics.framework in Frameworks */,
				09EA48B517BE4AE40026664E /* UIKit.framework in Frameworks */,
				09EA48B117BE4AE40026664E /* Foundation.framework in Frameworks */,
			);
			runOnlyForDeploymentPostprocessing = 0;
		};
		09EA48C517BE4AE50026664E /* Frameworks */ = {
			isa = PBXFrameworksBuildPhase;
			buildActionMask = 2147483647;
			files = (
				09EA48CA17BE4AE50026664E /* XCTest.framework in Frameworks */,
				09EA48CC17BE4AE50026664E /* UIKit.framework in Frameworks */,
				09EA48CB17BE4AE50026664E /* Foundation.framework in Frameworks */,
			);
			runOnlyForDeploymentPostprocessing = 0;
		};
/* End PBXFrameworksBuildPhase section */

/* Begin PBXGroup section */
		09EA48A417BE4AE40026664E = {
			isa = PBXGroup;
			children = (
				09EA48EC17BE50EB0026664E /* OGImageExtensions.podspec */,
				09EA48DF17BE4BCB0026664E /* LICENSE */,
				09EA48E417BE4BCB0026664E /* README.md */,
				09EA48E117BE4BCB0026664E /* OGImageExtensions */,
				09EA48B617BE4AE40026664E /* OGImageExtensionsProject */,
				09EA48CF17BE4AE50026664E /* OGImageExtensionsProjectTests */,
				09EA48AF17BE4AE40026664E /* Frameworks */,
				09EA48AE17BE4AE40026664E /* Products */,
			);
			sourceTree = "<group>";
		};
		09EA48AE17BE4AE40026664E /* Products */ = {
			isa = PBXGroup;
			children = (
				09EA48AD17BE4AE40026664E /* OGImageExtensionsProject.app */,
				09EA48C817BE4AE50026664E /* OGImageExtensionsProjectTests.xctest */,
			);
			name = Products;
			sourceTree = "<group>";
		};
		09EA48AF17BE4AE40026664E /* Frameworks */ = {
			isa = PBXGroup;
			children = (
				09EA48B017BE4AE40026664E /* Foundation.framework */,
				09EA48B217BE4AE40026664E /* CoreGraphics.framework */,
				09EA48B417BE4AE40026664E /* UIKit.framework */,
				09EA48C917BE4AE50026664E /* XCTest.framework */,
			);
			name = Frameworks;
			sourceTree = "<group>";
		};
		09EA48B617BE4AE40026664E /* OGImageExtensionsProject */ = {
			isa = PBXGroup;
			children = (
				09EA48B717BE4AE40026664E /* Supporting Files */,
				09EA48BF17BE4AE40026664E /* OGAppDelegate.h */,
				09EA48C017BE4AE40026664E /* OGAppDelegate.m */,
				09EA48C217BE4AE40026664E /* Images.xcassets */,
			);
			path = OGImageExtensionsProject;
			sourceTree = "<group>";
		};
		09EA48B717BE4AE40026664E /* Supporting Files */ = {
			isa = PBXGroup;
			children = (
				09EA48B817BE4AE40026664E /* OGImageExtensionsProject-Info.plist */,
				09EA48B917BE4AE40026664E /* InfoPlist.strings */,
				09EA48BC17BE4AE40026664E /* main.m */,
				09EA48BE17BE4AE40026664E /* OGImageExtensionsProject-Prefix.pch */,
			);
			name = "Supporting Files";
			sourceTree = "<group>";
		};
		09EA48CF17BE4AE50026664E /* OGImageExtensionsProjectTests */ = {
			isa = PBXGroup;
			children = (
				09EA48D517BE4AE50026664E /* OGImageExtensionsProjectTests.m */,
				09EA48D017BE4AE50026664E /* Supporting Files */,
			);
			path = OGImageExtensionsProjectTests;
			sourceTree = "<group>";
		};
		09EA48D017BE4AE50026664E /* Supporting Files */ = {
			isa = PBXGroup;
			children = (
				09EA48D117BE4AE50026664E /* OGImageExtensionsProjectTests-Info.plist */,
				09EA48D217BE4AE50026664E /* InfoPlist.strings */,
			);
			name = "Supporting Files";
			sourceTree = "<group>";
		};
		09EA48E117BE4BCB0026664E /* OGImageExtensions */ = {
			isa = PBXGroup;
			children = (
				09EA48E917BE4E620026664E /* OGImageExtensionsCache.h */,
				09EA48EA17BE4E620026664E /* OGImageExtensionsCache.m */,
				09EA48E217BE4BCB0026664E /* UIImage+OGImageExtensions.h */,
				09EA48E317BE4BCB0026664E /* UIImage+OGImageExtensions.m */,
			);
			path = OGImageExtensions;
			sourceTree = "<group>";
		};
/* End PBXGroup section */

/* Begin PBXNativeTarget section */
		09EA48AC17BE4AE40026664E /* OGImageExtensionsProject */ = {
			isa = PBXNativeTarget;
			buildConfigurationList = 09EA48D917BE4AE50026664E /* Build configuration list for PBXNativeTarget "OGImageExtensionsProject" */;
			buildPhases = (
				09EA48A917BE4AE40026664E /* Sources */,
				09EA48AA17BE4AE40026664E /* Frameworks */,
				09EA48AB17BE4AE40026664E /* Resources */,
			);
			buildRules = (
			);
			dependencies = (
			);
			name = OGImageExtensionsProject;
			productName = OGImageExtensionsProject;
			productReference = 09EA48AD17BE4AE40026664E /* OGImageExtensionsProject.app */;
			productType = "com.apple.product-type.application";
		};
		09EA48C717BE4AE50026664E /* OGImageExtensionsProjectTests */ = {
			isa = PBXNativeTarget;
			buildConfigurationList = 09EA48DC17BE4AE50026664E /* Build configuration list for PBXNativeTarget "OGImageExtensionsProjectTests" */;
			buildPhases = (
				09EA48C417BE4AE50026664E /* Sources */,
				09EA48C517BE4AE50026664E /* Frameworks */,
				09EA48C617BE4AE50026664E /* Resources */,
			);
			buildRules = (
			);
			dependencies = (
				09EA48CE17BE4AE50026664E /* PBXTargetDependency */,
			);
			name = OGImageExtensionsProjectTests;
			productName = OGImageExtensionsProjectTests;
			productReference = 09EA48C817BE4AE50026664E /* OGImageExtensionsProjectTests.xctest */;
			productType = "com.apple.product-type.bundle.unit-test";
		};
/* End PBXNativeTarget section */

/* Begin PBXProject section */
		09EA48A517BE4AE40026664E /* Project object */ = {
			isa = PBXProject;
			attributes = {
				CLASSPREFIX = OG;
				LastUpgradeCheck = 0500;
				ORGANIZATIONNAME = "Orange Groove";
				TargetAttributes = {
					09EA48C717BE4AE50026664E = {
						TestTargetID = 09EA48AC17BE4AE40026664E;
					};
				};
			};
			buildConfigurationList = 09EA48A817BE4AE40026664E /* Build configuration list for PBXProject "OGImageExtensionsProject" */;
			compatibilityVersion = "Xcode 3.2";
			developmentRegion = English;
			hasScannedForEncodings = 0;
			knownRegions = (
				en,
			);
			mainGroup = 09EA48A417BE4AE40026664E;
			productRefGroup = 09EA48AE17BE4AE40026664E /* Products */;
			projectDirPath = "";
			projectRoot = "";
			targets = (
				09EA48AC17BE4AE40026664E /* OGImageExtensionsProject */,
				09EA48C717BE4AE50026664E /* OGImageExtensionsProjectTests */,
			);
		};
/* End PBXProject section */

/* Begin PBXResourcesBuildPhase section */
		09EA48AB17BE4AE40026664E /* Resources */ = {
			isa = PBXResourcesBuildPhase;
			buildActionMask = 2147483647;
			files = (
				09EA48BB17BE4AE40026664E /* InfoPlist.strings in Resources */,
				09EA48C317BE4AE40026664E /* Images.xcassets in Resources */,
			);
			runOnlyForDeploymentPostprocessing = 0;
		};
		09EA48C617BE4AE50026664E /* Resources */ = {
			isa = PBXResourcesBuildPhase;
			buildActionMask = 2147483647;
			files = (
				09EA48D417BE4AE50026664E /* InfoPlist.strings in Resources */,
			);
			runOnlyForDeploymentPostprocessing = 0;
		};
/* End PBXResourcesBuildPhase section */

/* Begin PBXSourcesBuildPhase section */
		09EA48A917BE4AE40026664E /* Sources */ = {
			isa = PBXSourcesBuildPhase;
			buildActionMask = 2147483647;
			files = (
				09EA48EB17BE4E620026664E /* OGImageExtensionsCache.m in Sources */,
				09EA48E717BE4BCB0026664E /* UIImage+OGImageExtensions.m in Sources */,
				09EA48C117BE4AE40026664E /* OGAppDelegate.m in Sources */,
				09EA48BD17BE4AE40026664E /* main.m in Sources */,
			);
			runOnlyForDeploymentPostprocessing = 0;
		};
		09EA48C417BE4AE50026664E /* Sources */ = {
			isa = PBXSourcesBuildPhase;
			buildActionMask = 2147483647;
			files = (
				09EA48D617BE4AE50026664E /* OGImageExtensionsProjectTests.m in Sources */,
			);
			runOnlyForDeploymentPostprocessing = 0;
		};
/* End PBXSourcesBuildPhase section */

/* Begin PBXTargetDependency section */
		09EA48CE17BE4AE50026664E /* PBXTargetDependency */ = {
			isa = PBXTargetDependency;
			target = 09EA48AC17BE4AE40026664E /* OGImageExtensionsProject */;
			targetProxy = 09EA48CD17BE4AE50026664E /* PBXContainerItemProxy */;
		};
/* End PBXTargetDependency section */

/* Begin PBXVariantGroup section */
		09EA48B917BE4AE40026664E /* InfoPlist.strings */ = {
			isa = PBXVariantGroup;
			children = (
				09EA48BA17BE4AE40026664E /* en */,
			);
			name = InfoPlist.strings;
			sourceTree = "<group>";
		};
		09EA48D217BE4AE50026664E /* InfoPlist.strings */ = {
			isa = PBXVariantGroup;
			children = (
				09EA48D317BE4AE50026664E /* en */,
			);
			name = InfoPlist.strings;
			sourceTree = "<group>";
		};
/* End PBXVariantGroup section */

/* Begin XCBuildConfiguration section */
		09EA48D717BE4AE50026664E /* Debug */ = {
			isa = XCBuildConfiguration;
			buildSettings = {
				ALWAYS_SEARCH_USER_PATHS = NO;
				CLANG_CXX_LANGUAGE_STANDARD = "gnu++0x";
				CLANG_CXX_LIBRARY = "libc++";
				CLANG_ENABLE_MODULES = YES;
				CLANG_ENABLE_OBJC_ARC = YES;
				CLANG_WARN_BOOL_CONVERSION = YES;
				CLANG_WARN_CONSTANT_CONVERSION = YES;
				CLANG_WARN_DIRECT_OBJC_ISA_USAGE = YES_ERROR;
				CLANG_WARN_EMPTY_BODY = YES;
				CLANG_WARN_ENUM_CONVERSION = YES;
				CLANG_WARN_INT_CONVERSION = YES;
				CLANG_WARN_OBJC_ROOT_CLASS = YES_ERROR;
				CLANG_WARN__DUPLICATE_METHOD_MATCH = YES;
				"CODE_SIGN_IDENTITY[sdk=iphoneos*]" = "iPhone Developer";
				COPY_PHASE_STRIP = NO;
				GCC_C_LANGUAGE_STANDARD = gnu99;
				GCC_DYNAMIC_NO_PIC = NO;
				GCC_OPTIMIZATION_LEVEL = 0;
				GCC_PREPROCESSOR_DEFINITIONS = (
					"DEBUG=1",
					"$(inherited)",
				);
				GCC_SYMBOLS_PRIVATE_EXTERN = NO;
				GCC_WARN_ABOUT_RETURN_TYPE = YES_ERROR;
				GCC_WARN_UNDECLARED_SELECTOR = YES;
				GCC_WARN_UNINITIALIZED_AUTOS = YES;
				GCC_WARN_UNUSED_FUNCTION = YES;
				GCC_WARN_UNUSED_VARIABLE = YES;
				IPHONEOS_DEPLOYMENT_TARGET = 7.0;
				ONLY_ACTIVE_ARCH = YES;
				SDKROOT = iphoneos;
			};
			name = Debug;
		};
		09EA48D817BE4AE50026664E /* Release */ = {
			isa = XCBuildConfiguration;
			buildSettings = {
				ALWAYS_SEARCH_USER_PATHS = NO;
				CLANG_CXX_LANGUAGE_STANDARD = "gnu++0x";
				CLANG_CXX_LIBRARY = "libc++";
				CLANG_ENABLE_MODULES = YES;
				CLANG_ENABLE_OBJC_ARC = YES;
				CLANG_WARN_BOOL_CONVERSION = YES;
				CLANG_WARN_CONSTANT_CONVERSION = YES;
				CLANG_WARN_DIRECT_OBJC_ISA_USAGE = YES_ERROR;
				CLANG_WARN_EMPTY_BODY = YES;
				CLANG_WARN_ENUM_CONVERSION = YES;
				CLANG_WARN_INT_CONVERSION = YES;
				CLANG_WARN_OBJC_ROOT_CLASS = YES_ERROR;
				CLANG_WARN__DUPLICATE_METHOD_MATCH = YES;
				"CODE_SIGN_IDENTITY[sdk=iphoneos*]" = "iPhone Developer";
				COPY_PHASE_STRIP = YES;
				ENABLE_NS_ASSERTIONS = NO;
				GCC_C_LANGUAGE_STANDARD = gnu99;
				GCC_WARN_ABOUT_RETURN_TYPE = YES_ERROR;
				GCC_WARN_UNDECLARED_SELECTOR = YES;
				GCC_WARN_UNINITIALIZED_AUTOS = YES;
				GCC_WARN_UNUSED_FUNCTION = YES;
				GCC_WARN_UNUSED_VARIABLE = YES;
				IPHONEOS_DEPLOYMENT_TARGET = 7.0;
				SDKROOT = iphoneos;
				VALIDATE_PRODUCT = YES;
			};
			name = Release;
		};
		09EA48DA17BE4AE50026664E /* Debug */ = {
			isa = XCBuildConfiguration;
			buildSettings = {
				ASSETCATALOG_COMPILER_APPICON_NAME = AppIcon;
				ASSETCATALOG_COMPILER_LAUNCHIMAGE_NAME = LaunchImage;
				GCC_PRECOMPILE_PREFIX_HEADER = YES;
				GCC_PREFIX_HEADER = "OGImageExtensionsProject/OGImageExtensionsProject-Prefix.pch";
				INFOPLIST_FILE = "OGImageExtensionsProject/OGImageExtensionsProject-Info.plist";
				PRODUCT_NAME = "$(TARGET_NAME)";
				WRAPPER_EXTENSION = app;
			};
			name = Debug;
		};
		09EA48DB17BE4AE50026664E /* Release */ = {
			isa = XCBuildConfiguration;
			buildSettings = {
				ASSETCATALOG_COMPILER_APPICON_NAME = AppIcon;
				ASSETCATALOG_COMPILER_LAUNCHIMAGE_NAME = LaunchImage;
				GCC_PRECOMPILE_PREFIX_HEADER = YES;
				GCC_PREFIX_HEADER = "OGImageExtensionsProject/OGImageExtensionsProject-Prefix.pch";
				INFOPLIST_FILE = "OGImageExtensionsProject/OGImageExtensionsProject-Info.plist";
				PRODUCT_NAME = "$(TARGET_NAME)";
				WRAPPER_EXTENSION = app;
			};
			name = Release;
		};
		09EA48DD17BE4AE50026664E /* Debug */ = {
			isa = XCBuildConfiguration;
			buildSettings = {
				BUNDLE_LOADER = "$(BUILT_PRODUCTS_DIR)/OGImageExtensionsProject.app/OGImageExtensionsProject";
				FRAMEWORK_SEARCH_PATHS = (
					"$(SDKROOT)/Developer/Library/Frameworks",
					"$(inherited)",
					"$(DEVELOPER_FRAMEWORKS_DIR)",
				);
				GCC_PRECOMPILE_PREFIX_HEADER = YES;
				GCC_PREFIX_HEADER = "OGImageExtensionsProject/OGImageExtensionsProject-Prefix.pch";
				GCC_PREPROCESSOR_DEFINITIONS = (
					"DEBUG=1",
					"$(inherited)",
				);
				INFOPLIST_FILE = "OGImageExtensionsProjectTests/OGImageExtensionsProjectTests-Info.plist";
				PRODUCT_NAME = "$(TARGET_NAME)";
				TEST_HOST = "$(BUNDLE_LOADER)";
				WRAPPER_EXTENSION = xctest;
			};
			name = Debug;
		};
		09EA48DE17BE4AE50026664E /* Release */ = {
			isa = XCBuildConfiguration;
			buildSettings = {
				BUNDLE_LOADER = "$(BUILT_PRODUCTS_DIR)/OGImageExtensionsProject.app/OGImageExtensionsProject";
				FRAMEWORK_SEARCH_PATHS = (
					"$(SDKROOT)/Developer/Library/Frameworks",
					"$(inherited)",
					"$(DEVELOPER_FRAMEWORKS_DIR)",
				);
				GCC_PRECOMPILE_PREFIX_HEADER = YES;
				GCC_PREFIX_HEADER = "OGImageExtensionsProject/OGImageExtensionsProject-Prefix.pch";
				INFOPLIST_FILE = "OGImageExtensionsProjectTests/OGImageExtensionsProjectTests-Info.plist";
				PRODUCT_NAME = "$(TARGET_NAME)";
				TEST_HOST = "$(BUNDLE_LOADER)";
				WRAPPER_EXTENSION = xctest;
			};
			name = Release;
		};
/* End XCBuildConfiguration section */

/* Begin XCConfigurationList section */
		09EA48A817BE4AE40026664E /* Build configuration list for PBXProject "OGImageExtensionsProject" */ = {
			isa = XCConfigurationList;
			buildConfigurations = (
				09EA48D717BE4AE50026664E /* Debug */,
				09EA48D817BE4AE50026664E /* Release */,
			);
			defaultConfigurationIsVisible = 0;
			defaultConfigurationName = Release;
		};
		09EA48D917BE4AE50026664E /* Build configuration list for PBXNativeTarget "OGImageExtensionsProject" */ = {
			isa = XCConfigurationList;
			buildConfigurations = (
				09EA48DA17BE4AE50026664E /* Debug */,
				09EA48DB17BE4AE50026664E /* Release */,
			);
			defaultConfigurationIsVisible = 0;
			defaultConfigurationName = Release;
		};
		09EA48DC17BE4AE50026664E /* Build configuration list for PBXNativeTarget "OGImageExtensionsProjectTests" */ = {
			isa = XCConfigurationList;
			buildConfigurations = (
				09EA48DD17BE4AE50026664E /* Debug */,
				09EA48DE17BE4AE50026664E /* Release */,
			);
			defaultConfigurationIsVisible = 0;
			defaultConfigurationName = Release;
		};
/* End XCConfigurationList section */
	};
	rootObject = 09EA48A517BE4AE40026664E /* Project object */;
}
